
Microsoft Visual Studio Solution File, Format Version 12.00
# Visual Studio Version 16
VisualStudioVersion = 16.0.30709.64
MinimumVisualStudioVersion = 10.0.40219.1
Project("{9A19103F-16F7-4668-BE54-9A1E7A4F7556}") = "AwaitableCompletionSource", "AwaitableCompletionSource\AwaitableCompletionSource.csproj", "{99D72DC6-EE60-442C-90EE-990E3825E703}"
EndProject
Project("{9A19103F-16F7-4668-BE54-9A1E7A4F7556}") = "ConsoleApp", "ConsoleApp\ConsoleApp.csproj", "{F6032C57-8F91-4C16-B492-E170AC804993}"
EndProject
Project("{9A19103F-16F7-4668-BE54-9A1E7A4F7556}") = "Benchmarks", "Benchmarks\Benchmarks.csproj", "{6837FCB3-280F-449B-81A8-2AB7F82FF92C}"
EndProject
Project("{9A19103F-16F7-4668-BE54-9A1E7A4F7556}") = "Test", "Test\Test.csproj", "{D2C4D63C-218D-4F8C-BFED-208056F88138}"
EndProject
Project("{FAE04EC0-301F-11D3-BF4B-00C04F79EFBC}") = "WinFormsApp", "WinFormsApp\WinFormsApp.csproj", "{4EABC499-7B4C-4180-B9F4-32E93F627792}"
EndProject
Global
	GlobalSection(SolutionConfigurationPlatforms) = preSolution
		Debug|Any CPU = Debug|Any CPU
		Release|Any CPU = Release|Any CPU
	EndGlobalSection
	GlobalSection(ProjectConfigurationPlatforms) = postSolution
		{99D72DC6-EE60-442C-90EE-990E3825E703}.Debug|Any CPU.ActiveCfg = Debug|Any CPU
		{99D72DC6-EE60-442C-90EE-990E3825E703}.Debug|Any CPU.Build.0 = Debug|Any CPU
		{99D72DC6-EE60-442C-90EE-990E3825E703}.Release|Any CPU.ActiveCfg = Release|Any CPU
		{99D72DC6-EE60-442C-90EE-990E3825E703}.Release|Any CPU.Build.0 = Release|Any CPU
		{F6032C57-8F91-4C16-B492-E170AC804993}.Debug|Any CPU.ActiveCfg = Debug|Any CPU
		{F6032C57-8F91-4C16-B492-E170AC804993}.Debug|Any CPU.Build.0 = Debug|Any CPU
		{F6032C57-8F91-4C16-B492-E170AC804993}.Release|Any CPU.ActiveCfg = Release|Any CPU
		{F6032C57-8F91-4C16-B492-E170AC804993}.Release|Any CPU.Build.0 = Release|Any CPU
		{6837FCB3-280F-449B-81A8-2AB7F82FF92C}.Debug|Any CPU.ActiveCfg = Debug|Any CPU
		{6837FCB3-280F-449B-81A8-2AB7F82FF92C}.Debug|Any CPU.Build.0 = Debug|Any CPU
		{6837FCB3-280F-449B-81A8-2AB7F82FF92C}.Release|Any CPU.ActiveCfg = Release|Any CPU
		{6837FCB3-280F-449B-81A8-2AB7F82FF92C}.Release|Any CPU.Build.0 = Release|Any CPU
		{D2C4D63C-218D-4F8C-BFED-208056F88138}.Debug|Any CPU.ActiveCfg = Debug|Any CPU
		{D2C4D63C-218D-4F8C-BFED-208056F88138}.Debug|Any CPU.Build.0 = Debug|Any CPU
		{D2C4D63C-218D-4F8C-BFED-208056F88138}.Release|Any CPU.ActiveCfg = Release|Any CPU
		{D2C4D63C-218D-4F8C-BFED-208056F88138}.Release|Any CPU.Build.0 = Release|Any CPU
		{4EABC499-7B4C-4180-B9F4-32E93F627792}.Debug|Any CPU.ActiveCfg = Debug|Any CPU
		{4EABC499-7B4C-4180-B9F4-32E93F627792}.Debug|Any CPU.Build.0 = Debug|Any CPU
		{4EABC499-7B4C-4180-B9F4-32E93F627792}.Release|Any CPU.ActiveCfg = Release|Any CPU
		{4EABC499-7B4C-4180-B9F4-32E93F627792}.Release|Any CPU.Build.0 = Release|Any CPU
	EndGlobalSection
	GlobalSection(SolutionProperties) = preSolution
		HideSolutionNode = FALSE
	EndGlobalSection
	GlobalSection(ExtensibilityGlobals) = postSolution
		SolutionGuid = {B6C0FF20-4048-4036-9899-2950AE337ABA}
	EndGlobalSection
EndGlobal
